<?xml version="1.0" encoding="utf-8"?>
<Project ToolsVersion="4.0" xmlns:atg="http://atg.xbox.com" xmlns="http://schemas.microsoft.com/developer/msbuild/2003">
  <ItemGroup>
    <Filter Include="Resource Files">
      <UniqueIdentifier>{8e114980-c1a3-4ada-ad7c-83caadf5daeb}</UniqueIdentifier>
      <Extensions>rc;ico;cur;bmp;dlg;rc2;rct;bin;rgs;gif;jpg;jpeg;jpe</Extensions>
    </Filter>
    <Filter Include="DXUT">
      <UniqueIdentifier>{a43c5c25-0e86-4a20-b64a-883785ff74fd}</UniqueIdentifier>
    </Filter>
    <Filter Include="Shaders">
      <UniqueIdentifier>{2c3d4c8c-5d1a-459a-a05a-a4e4b608a44e}</UniqueIdentifier>
      <Extensions>fx;fxh;hlsl</Extensions>
    </Filter>
    <Filter Include="Include">
      <UniqueIdentifier>{bd5bfdb6-9e62-42ce-80cd-0bdd027e79b0}</UniqueIdentifier>
    </Filter>
    <Filter Include="Source">
      <UniqueIdentifier>{bfec4124-3a3a-4ffa-b6b1-c330dc38bbe2}</UniqueIdentifier>
    </Filter>
    <Filter Include="Include\ECS">
      <UniqueIdentifier>{feb7eb95-26dc-4675-873c-ddb0ec34abd9}</UniqueIdentifier>
    </Filter>
    <Filter Include="Include\EngineUtilities">
      <UniqueIdentifier>{89200855-87e5-4a80-a999-114416f4228f}</UniqueIdentifier>
    </Filter>
    <Filter Include="Include\EngineUtilities\Vectors">
      <UniqueIdentifier>{2cf83cbd-5f7a-455b-a87b-559eeb59cb07}</UniqueIdentifier>
    </Filter>
    <Filter Include="Include\EngineUtilities\Utilities">
      <UniqueIdentifier>{00571f8a-f11e-42dd-b5a7-a4de6f8e2892}</UniqueIdentifier>
    </Filter>
    <Filter Include="Include\EngineUtilities\Structures">
      <UniqueIdentifier>{c9bae9b0-3347-499f-bbeb-7128c9ab1831}</UniqueIdentifier>
    </Filter>
    <Filter Include="Include\EngineUtilities\Memory">
      <UniqueIdentifier>{2ffacefe-740f-41de-a9af-ce374d0377ce}</UniqueIdentifier>
    </Filter>
    <Filter Include="Include\EngineUtilities\Matrix">
      <UniqueIdentifier>{2ac1b3ae-4fb4-43c9-9a6f-eb1c59fcf4b0}</UniqueIdentifier>
    </Filter>
    <Filter Include="Include\SceneGraph">
      <UniqueIdentifier>{5c23a8fc-19ef-4578-8674-c198d5ab498c}</UniqueIdentifier>
    </Filter>
    <Filter Include="Source\SceneGraph">
      <UniqueIdentifier>{3f2560dd-8917-46e4-8211-76f4bc2ab9fc}</UniqueIdentifier>
    </Filter>
    <Filter Include="Source\ECS">
      <UniqueIdentifier>{e3ae8493-a7f7-40e0-ae44-d368623922d0}</UniqueIdentifier>
    </Filter>
    <Filter Include="Include\EngineUtilities\GUI">
      <UniqueIdentifier>{b29dde24-684a-40ab-b260-1e2d655ce44b}</UniqueIdentifier>
    </Filter>
    <Filter Include="Imgui">
      <UniqueIdentifier>{fc08fe5d-62f5-46d5-bc74-af9fe092bda3}</UniqueIdentifier>
    </Filter>
    <Filter Include="Imgui\Includes">
      <UniqueIdentifier>{2b6f962a-c056-4e43-9205-3ac5f0117700}</UniqueIdentifier>
    </Filter>
    <Filter Include="Source\GUI">
      <UniqueIdentifier>{2fbb4e99-5b71-49f5-ade4-d595aa19048a}</UniqueIdentifier>
    </Filter>
    <Filter Include="Include\FBX">
      <UniqueIdentifier>{ef1d1400-a8fc-42f2-8f1c-816ce1cd34dc}</UniqueIdentifier>
    </Filter>
    <Filter Include="Include\FBX\libxml2_libxml">
      <UniqueIdentifier>{4dd684f7-01ec-4218-b193-fefa15d1aeab}</UniqueIdentifier>
    </Filter>
    <Filter Include="Imgui\backends">
      <UniqueIdentifier>{aa83cb17-961c-4e70-90f8-f253358b4fd4}</UniqueIdentifier>
    </Filter>
    <Filter Include="Imgui\vulcan">
      <UniqueIdentifier>{c6d35b0b-5356-4591-a3da-cdab05edab76}</UniqueIdentifier>
    </Filter>
  </ItemGroup>
  <ItemGroup>
    <ClCompile Include="EugrarityEngine.cpp">
      <Filter>Source</Filter>
    </ClCompile>
    <ClCompile Include="Source\Window.cpp">
      <Filter>Source</Filter>
    </ClCompile>
    <ClCompile Include="Source\Viewport.cpp">
      <Filter>Source</Filter>
    </ClCompile>
    <ClCompile Include="Source\Texture.cpp">
      <Filter>Source</Filter>
    </ClCompile>
    <ClCompile Include="Source\SwapChain.cpp">
      <Filter>Source</Filter>
    </ClCompile>
    <ClCompile Include="Source\ShaderProgram.cpp">
      <Filter>Source</Filter>
    </ClCompile>
    <ClCompile Include="Source\SamplerState.cpp">
      <Filter>Source</Filter>
    </ClCompile>
    <ClCompile Include="Source\RenderTargetView.cpp">
      <Filter>Source</Filter>
    </ClCompile>
    <ClCompile Include="Source\InputLayout.cpp">
      <Filter>Source</Filter>
    </ClCompile>
    <ClCompile Include="Source\DeviceContext.cpp">
      <Filter>Source</Filter>
    </ClCompile>
    <ClCompile Include="Source\Device.cpp">
      <Filter>Source</Filter>
    </ClCompile>
    <ClCompile Include="Source\DepthStencilView.cpp">
      <Filter>Source</Filter>
    </ClCompile>
    <ClCompile Include="Source\Buffer.cpp">
      <Filter>Source</Filter>
    </ClCompile>
    <ClCompile Include="Source\BaseApp.cpp">
      <Filter>Source</Filter>
    </ClCompile>
    <ClCompile Include="Source\Camera.cpp">
      <Filter>Source</Filter>
    </ClCompile>
    <ClCompile Include="Source\SceneGraph\SceneGraph.cpp">
      <Filter>Source\SceneGraph</Filter>
    </ClCompile>
    <ClCompile Include="Source\ECS\Actor.cpp">
      <Filter>Source\ECS</Filter>
    </ClCompile>
    <ClCompile Include="Imgui\ImGuizmo\ImGuizmo.cpp">
      <Filter>Imgui\Includes</Filter>
    </ClCompile>
    <ClCompile Include="Source\GUI\GUI.cpp">
      <Filter>Source\GUI</Filter>
    </ClCompile>
    <ClCompile Include="Source\Model3D.cpp">
      <Filter>Source</Filter>
    </ClCompile>
    <ClCompile Include="Imgui\imgui-docking\imgui.cpp">
      <Filter>Imgui\Includes</Filter>
    </ClCompile>
    <ClCompile Include="Imgui\imgui-docking\imgui_demo.cpp">
      <Filter>Imgui\Includes</Filter>
    </ClCompile>
    <ClCompile Include="Imgui\imgui-docking\imgui_draw.cpp">
      <Filter>Imgui\Includes</Filter>
    </ClCompile>
    <ClCompile Include="Imgui\imgui-docking\imgui_tables.cpp">
      <Filter>Imgui\Includes</Filter>
    </ClCompile>
    <ClCompile Include="Imgui\imgui-docking\imgui_widgets.cpp">
      <Filter>Imgui\Includes</Filter>
    </ClCompile>
    <ClCompile Include="Imgui\imgui-docking\backends\imgui_impl_win32.cpp">
      <Filter>Imgui\backends</Filter>
    </ClCompile>
    <ClCompile Include="Imgui\imgui-docking\backends\imgui_impl_dx11.cpp">
      <Filter>Imgui\backends</Filter>
    </ClCompile>
  </ItemGroup>
  <ItemGroup>
    <None Include="EugrarityEngine.fx">
      <Filter>Shaders</Filter>
    </None>
  </ItemGroup>
  <ItemGroup>
    <CLInclude Include="resource.h">
      <Filter>Resource Files</Filter>
    </CLInclude>
    <ResourceCompile Include="EugrarityEngine.rc">
      <Filter>Resource Files</Filter>
    </ResourceCompile>
    <ClInclude Include="Include\Window.h">
      <Filter>Include</Filter>
    </ClInclude>
    <ClInclude Include="Include\Prerequisites.h">
      <Filter>Include</Filter>
    </ClInclude>
    <ClInclude Include="Include\Texture.h">
      <Filter>Include</Filter>
    </ClInclude>
    <ClInclude Include="Include\Device.h">
      <Filter>Include</Filter>
    </ClInclude>
    <ClInclude Include="Include\Resource.h">
      <Filter>Include</Filter>
    </ClInclude>
    <ClInclude Include="Include\SwapChain.h">
      <Filter>Include</Filter>
    </ClInclude>
    <ClInclude Include="Include\RenderTargetView.h">
      <Filter>Include</Filter>
    </ClInclude>
    <ClInclude Include="Include\DeviceContext.h">
      <Filter>Include</Filter>
    </ClInclude>
    <ClInclude Include="Include\DepthStencilView.h">
      <Filter>Include</Filter>
    </ClInclude>
    <ClInclude Include="Include\Viewport.h">
      <Filter>Include</Filter>
    </ClInclude>
    <ClInclude Include="Include\InputLayout.h">
      <Filter>Include</Filter>
    </ClInclude>
    <ClInclude Include="Include\MeshComponent.h">
      <Filter>Include</Filter>
    </ClInclude>
    <ClInclude Include="Include\Buffer.h">
      <Filter>Include</Filter>
    </ClInclude>
    <ClInclude Include="Include\SamplerState.h">
      <Filter>Include</Filter>
    </ClInclude>
    <ClInclude Include="Include\ShaderProgram.h">
      <Filter>Include</Filter>
    </ClInclude>
    <ClInclude Include="Include\BaseApp.h">
      <Filter>Include</Filter>
    </ClInclude>
    <ClInclude Include="Include\stb_image.h">
      <Filter>Include</Filter>
    </ClInclude>
    <ClInclude Include="Include\ECS\Component.h">
      <Filter>Include\ECS</Filter>
    </ClInclude>
    <ClInclude Include="Include\EngineUtilities\Vectors\Quaternion.h">
      <Filter>Include\EngineUtilities\Vectors</Filter>
    </ClInclude>
    <ClInclude Include="Include\EngineUtilities\Utilities\EngineMath.h">
      <Filter>Include\EngineUtilities\Utilities</Filter>
    </ClInclude>
    <ClInclude Include="Include\EngineUtilities\Utilities\Camera.h">
      <Filter>Include\EngineUtilities\Utilities</Filter>
    </ClInclude>
    <ClInclude Include="Include\EngineUtilities\Vectors\Vector2.h">
      <Filter>Include\EngineUtilities\Vectors</Filter>
    </ClInclude>
    <ClInclude Include="Include\EngineUtilities\Vectors\Vector3.h">
      <Filter>Include\EngineUtilities\Vectors</Filter>
    </ClInclude>
    <ClInclude Include="Include\EngineUtilities\Vectors\Vector4.h">
      <Filter>Include\EngineUtilities\Vectors</Filter>
    </ClInclude>
    <ClInclude Include="Include\EngineUtilities\Structures\TArray.h">
      <Filter>Include\EngineUtilities\Structures</Filter>
    </ClInclude>
    <ClInclude Include="Include\EngineUtilities\Structures\TMap.h">
      <Filter>Include\EngineUtilities\Structures</Filter>
    </ClInclude>
    <ClInclude Include="Include\EngineUtilities\Structures\TPair.h">
      <Filter>Include\EngineUtilities\Structures</Filter>
    </ClInclude>
    <ClInclude Include="Include\EngineUtilities\Structures\TSet.h">
      <Filter>Include\EngineUtilities\Structures</Filter>
    </ClInclude>
    <ClInclude Include="Include\EngineUtilities\Memory\TSharedPointer.h">
      <Filter>Include\EngineUtilities\Memory</Filter>
    </ClInclude>
    <ClInclude Include="Include\EngineUtilities\Memory\TStaticPtr.h">
      <Filter>Include\EngineUtilities\Memory</Filter>
    </ClInclude>
    <ClInclude Include="Include\EngineUtilities\Memory\TWeakPointer.h">
      <Filter>Include\EngineUtilities\Memory</Filter>
    </ClInclude>
    <ClInclude Include="Include\EngineUtilities\Memory\TUniquePtr.h">
      <Filter>Include\EngineUtilities\Memory</Filter>
    </ClInclude>
    <ClInclude Include="Include\EngineUtilities\Matrix\Matrix2x2.h">
      <Filter>Include\EngineUtilities\Matrix</Filter>
    </ClInclude>
    <ClInclude Include="Include\EngineUtilities\Matrix\Matrix3x3.h">
      <Filter>Include\EngineUtilities\Matrix</Filter>
    </ClInclude>
    <ClInclude Include="Include\EngineUtilities\Matrix\Matrix4x4.h">
      <Filter>Include\EngineUtilities\Matrix</Filter>
    </ClInclude>
    <ClInclude Include="Include\ECS\Entity.h">
      <Filter>Include\ECS</Filter>
    </ClInclude>
    <ClInclude Include="Include\ECS\Transform.h">
      <Filter>Include\ECS</Filter>
    </ClInclude>
    <ClInclude Include="Include\ECS\Actor.h">
      <Filter>Include\ECS</Filter>
    </ClInclude>
    <ClInclude Include="Include\SceneGraph\HierarchyComponent.h">
      <Filter>Include\SceneGraph</Filter>
    </ClInclude>
    <ClInclude Include="Include\SceneGraph\SceneGraph.h">
      <Filter>Include\SceneGraph</Filter>
    </ClInclude>
    <ClInclude Include="Include\IResource.h">
      <Filter>Include</Filter>
    </ClInclude>
    <ClInclude Include="Include\ResourceManager.h">
      <Filter>Include</Filter>
    </ClInclude>
    <ClInclude Include="Include\EngineUtilities\GUI\GUI.h">
      <Filter>Include\EngineUtilities\GUI</Filter>
    </ClInclude>
    <ClInclude Include="Imgui\imgui-docking\imgui.h">
      <Filter>Imgui\Includes</Filter>
    </ClInclude>
    <ClInclude Include="Imgui\ImGuizmo\ImGuizmo.h">
      <Filter>Imgui\Includes</Filter>
    </ClInclude>
    <ClInclude Include="Imgui\imgui-docking\imconfig.h">
      <Filter>Imgui\Includes</Filter>
    </ClInclude>
    <ClInclude Include="Include\FBX\fbxsdk.h">
      <Filter>Include\FBX</Filter>
    </ClInclude>
    <ClInclude Include="Include\Model3D.h">
      <Filter>Include</Filter>
    </ClInclude>
    <ClInclude Include="Imgui\imgui-docking\imgui_internal.h">
      <Filter>Imgui\Includes</Filter>
    </ClInclude>
    <ClInclude Include="Imgui\imgui-docking\imstb_rectpack.h">
      <Filter>Imgui\Includes</Filter>
    </ClInclude>
    <ClInclude Include="Imgui\imgui-docking\imstb_textedit.h">
      <Filter>Imgui\Includes</Filter>
    </ClInclude>
    <ClInclude Include="Imgui\imgui-docking\imstb_truetype.h">
      <Filter>Imgui\Includes</Filter>
    </ClInclude>
    <ClInclude Include="Imgui\imgui-docking\backends\imgui_impl_win32.h">
      <Filter>Imgui\backends</Filter>
    </ClInclude>
    <ClInclude Include="Imgui\imgui-docking\backends\imgui_impl_dx11.h">
      <Filter>Imgui\backends</Filter>
    </ClInclude>
  </ItemGroup>
</Project>